// !$*UTF8*$!
{
	archiveVersion = 1;
	classes = {
	};
	objectVersion = 51;
	objects = {

/* Begin PBXBuildFile section */
		19E8D14FB76DF0C5A15C3C11 /* Pods_WhereYa.framework in Frameworks */ = {isa = PBXBuildFile; fileRef = 7CAB4146BCC0F8AB2762B95B /* Pods_WhereYa.framework */; };
		4F3A52B8260B5E020084C549 /* FriendService.swift in Sources */ = {isa = PBXBuildFile; fileRef = 4F3A52B7260B5E020084C549 /* FriendService.swift */; };
		4F3A52BF260B60F60084C549 /* ResponseFriendNickname.swift in Sources */ = {isa = PBXBuildFile; fileRef = 4F3A52BE260B60F60084C549 /* ResponseFriendNickname.swift */; };
		4F5564C72600F0AD00806E8D /* 16315-map.json in Resources */ = {isa = PBXBuildFile; fileRef = 4F5564C62600F0AD00806E8D /* 16315-map.json */; };
		4F5564D926010D6700806E8D /* 스크린샷 2021-03-17 오전 12.56.26.png in Resources */ = {isa = PBXBuildFile; fileRef = 4F5564D326010D6700806E8D /* 스크린샷 2021-03-17 오전 12.56.26.png */; };
		4F5564DA26010D6700806E8D /* 스크린샷 2021-03-17 오전 12.56.49.png in Resources */ = {isa = PBXBuildFile; fileRef = 4F5564D426010D6700806E8D /* 스크린샷 2021-03-17 오전 12.56.49.png */; };
		4F5564DB26010D6700806E8D /* 스크린샷 2021-03-17 오전 12.56.04.png in Resources */ = {isa = PBXBuildFile; fileRef = 4F5564D526010D6700806E8D /* 스크린샷 2021-03-17 오전 12.56.04.png */; };
		4F5564DC26010D6700806E8D /* 스크린샷 2021-03-17 오전 12.58.24.png in Resources */ = {isa = PBXBuildFile; fileRef = 4F5564D626010D6700806E8D /* 스크린샷 2021-03-17 오전 12.58.24.png */; };
		4F5564DD26010D6700806E8D /* 스크린샷 2021-03-17 오전 12.56.59.png in Resources */ = {isa = PBXBuildFile; fileRef = 4F5564D726010D6700806E8D /* 스크린샷 2021-03-17 오전 12.56.59.png */; };
		4F5564DE26010D6700806E8D /* 스크린샷 2021-03-17 오전 12.58.54.png in Resources */ = {isa = PBXBuildFile; fileRef = 4F5564D826010D6700806E8D /* 스크린샷 2021-03-17 오전 12.58.54.png */; };
		4F5564E62601E01200806E8D /* MyPageVC.swift in Sources */ = {isa = PBXBuildFile; fileRef = 4F5564E52601E01200806E8D /* MyPageVC.swift */; };
		4F5564E9260212B300806E8D /* MyPageSettingVC.swift in Sources */ = {isa = PBXBuildFile; fileRef = 4F5564E8260212B300806E8D /* MyPageSettingVC.swift */; };
		4F5564EE260225B000806E8D /* ProfileService.swift in Sources */ = {isa = PBXBuildFile; fileRef = 4F5564ED260225B000806E8D /* ProfileService.swift */; };
		4F5564F526027C9100806E8D /* 스크린샷 2021-03-18 오전 3.06.02.png in Resources */ = {isa = PBXBuildFile; fileRef = 4F5564F426027C9100806E8D /* 스크린샷 2021-03-18 오전 3.06.02.png */; };
		4F5564FA2603431800806E8D /* ResponseProfileImage.swift in Sources */ = {isa = PBXBuildFile; fileRef = 4F5564F92603431800806E8D /* ResponseProfileImage.swift */; };
		4F556500260388BD00806E8D /* NetworkInfo.swift in Sources */ = {isa = PBXBuildFile; fileRef = 4F5564FF260388BD00806E8D /* NetworkInfo.swift */; };
		4F8643FA261232FB009F20A3 /* PromiseMainVC.swift in Sources */ = {isa = PBXBuildFile; fileRef = 4F8643F9261232FB009F20A3 /* PromiseMainVC.swift */; };
		4F86440F2614A802009F20A3 /* FirstPromiseMakeVC.swift in Sources */ = {isa = PBXBuildFile; fileRef = 4F86440E2614A802009F20A3 /* FirstPromiseMakeVC.swift */; };
		4F8644122614A812009F20A3 /* SearchPlaceVC.swift in Sources */ = {isa = PBXBuildFile; fileRef = 4F8644112614A812009F20A3 /* SearchPlaceVC.swift */; };
		4F8644182614CE36009F20A3 /* BasePromiseMakeVC.swift in Sources */ = {isa = PBXBuildFile; fileRef = 4F8644172614CE36009F20A3 /* BasePromiseMakeVC.swift */; };
		4F8644482614D544009F20A3 /* map_pin_custom@3x.png in Resources */ = {isa = PBXBuildFile; fileRef = 4F8644232614D543009F20A3 /* map_pin_custom@3x.png */; };
		4F8644492614D544009F20A3 /* map_pinup@3x.png in Resources */ = {isa = PBXBuildFile; fileRef = 4F8644242614D543009F20A3 /* map_pinup@3x.png */; };
		4F86444C2614D544009F20A3 /* th_line.png in Resources */ = {isa = PBXBuildFile; fileRef = 4F8644272614D543009F20A3 /* th_line.png */; };
		4F86444D2614D544009F20A3 /* map_pin_red@3x.png in Resources */ = {isa = PBXBuildFile; fileRef = 4F8644282614D543009F20A3 /* map_pin_red@3x.png */; };
		4F86444E2614D544009F20A3 /* daum_copyright.png in Resources */ = {isa = PBXBuildFile; fileRef = 4F8644292614D543009F20A3 /* daum_copyright.png */; };
		4F86444F2614D544009F20A3 /* map_pin@3x.png in Resources */ = {isa = PBXBuildFile; fileRef = 4F86442A2614D543009F20A3 /* map_pin@3x.png */; };
		4F8644542614D544009F20A3 /* map_pinup_custom.png in Resources */ = {isa = PBXBuildFile; fileRef = 4F8644382614D543009F20A3 /* map_pinup_custom.png */; };
		4F8644552614D544009F20A3 /* info_box_tail.png in Resources */ = {isa = PBXBuildFile; fileRef = 4F8644392614D543009F20A3 /* info_box_tail.png */; };
		4F8644562614D544009F20A3 /* noimage256.png in Resources */ = {isa = PBXBuildFile; fileRef = 4F86443A2614D543009F20A3 /* noimage256.png */; };
		4F8644582614D544009F20A3 /* map_pin.png in Resources */ = {isa = PBXBuildFile; fileRef = 4F86443C2614D543009F20A3 /* map_pin.png */; };
		4F86445A2614D544009F20A3 /* noimage.png in Resources */ = {isa = PBXBuildFile; fileRef = 4F86443E2614D543009F20A3 /* noimage.png */; };
		4F86445B2614D544009F20A3 /* map_present_background_update.png in Resources */ = {isa = PBXBuildFile; fileRef = 4F86443F2614D543009F20A3 /* map_present_background_update.png */; };
		4F86445E2614D544009F20A3 /* DaumMap.framework in Frameworks */ = {isa = PBXBuildFile; fileRef = 4F8644422614D543009F20A3 /* DaumMap.framework */; };
		4F8644872614D5B5009F20A3 /* map_pinup_custom@3x.png in Resources */ = {isa = PBXBuildFile; fileRef = 4F8644622614D5B4009F20A3 /* map_pinup_custom@3x.png */; };
		4F8644882614D5B5009F20A3 /* map_pin_custom.png in Resources */ = {isa = PBXBuildFile; fileRef = 4F8644632614D5B4009F20A3 /* map_pin_custom.png */; };
		4F8644892614D5B5009F20A3 /* shadow_balloon.png in Resources */ = {isa = PBXBuildFile; fileRef = 4F8644642614D5B4009F20A3 /* shadow_balloon.png */; };
		4F86448A2614D5B5009F20A3 /* map_pinup.png in Resources */ = {isa = PBXBuildFile; fileRef = 4F8644652614D5B4009F20A3 /* map_pinup.png */; };
		4F86448E2614D5B5009F20A3 /* map_pin_shadow@3x.png in Resources */ = {isa = PBXBuildFile; fileRef = 4F8644692614D5B4009F20A3 /* map_pin_shadow@3x.png */; };
		4F86448F2614D5B5009F20A3 /* copyright.png in Resources */ = {isa = PBXBuildFile; fileRef = 4F86446A2614D5B4009F20A3 /* copyright.png */; };
		4F8644942614D5B5009F20A3 /* map_present_tracking.png in Resources */ = {isa = PBXBuildFile; fileRef = 4F86446F2614D5B4009F20A3 /* map_present_tracking.png */; };
		4F8644952614D5B5009F20A3 /* map_pin_red.png in Resources */ = {isa = PBXBuildFile; fileRef = 4F8644702614D5B4009F20A3 /* map_pin_red.png */; };
		4F8644962614D5B5009F20A3 /* info_box.png in Resources */ = {isa = PBXBuildFile; fileRef = 4F86447A2614D5B4009F20A3 /* info_box.png */; };
		4F8644972614D5B5009F20A3 /* point_sprite.png in Resources */ = {isa = PBXBuildFile; fileRef = 4F86447B2614D5B4009F20A3 /* point_sprite.png */; };
		4F86449B2614D5B5009F20A3 /* map_present_direction.png in Resources */ = {isa = PBXBuildFile; fileRef = 4F86447F2614D5B4009F20A3 /* map_present_direction.png */; };
		4F86449D2614D5B5009F20A3 /* map_present.png in Resources */ = {isa = PBXBuildFile; fileRef = 4F8644812614D5B4009F20A3 /* map_present.png */; };
		4F8644A02614D5B5009F20A3 /* daum_th_line.png in Resources */ = {isa = PBXBuildFile; fileRef = 4F8644842614D5B4009F20A3 /* daum_th_line.png */; };
		4F8644A12614D5B5009F20A3 /* map_pin_shadow.png in Resources */ = {isa = PBXBuildFile; fileRef = 4F8644852614D5B4009F20A3 /* map_pin_shadow.png */; };
		4F8644A72614D60E009F20A3 /* SystemConfiguration.framework in Frameworks */ = {isa = PBXBuildFile; fileRef = 4F8644A62614D60E009F20A3 /* SystemConfiguration.framework */; };
		4F8644A92614D614009F20A3 /* CoreLocation.framework in Frameworks */ = {isa = PBXBuildFile; fileRef = 4F8644A82614D614009F20A3 /* CoreLocation.framework */; };
		4F8644AB2614D61B009F20A3 /* QuartzCore.framework in Frameworks */ = {isa = PBXBuildFile; fileRef = 4F8644AA2614D61B009F20A3 /* QuartzCore.framework */; };
		4F8644B42614D93D009F20A3 /* libc++.tbd in Frameworks */ = {isa = PBXBuildFile; fileRef = 4F8644AC2614D626009F20A3 /* libc++.tbd */; };
		4F8644B62614D94A009F20A3 /* libxml2.tbd in Frameworks */ = {isa = PBXBuildFile; fileRef = 4F8644AD2614D632009F20A3 /* libxml2.tbd */; };
		4F8644B82614D951009F20A3 /* libsqlite3.tbd in Frameworks */ = {isa = PBXBuildFile; fileRef = 4F8644AE2614D63A009F20A3 /* libsqlite3.tbd */; };
		4F8644BB2614D961009F20A3 /* Metal.framework in Frameworks */ = {isa = PBXBuildFile; fileRef = 4F8644BA2614D961009F20A3 /* Metal.framework */; };
		4F8644E22614E01E009F20A3 /* PromiseMapVC.swift in Sources */ = {isa = PBXBuildFile; fileRef = 4F8644E12614E01E009F20A3 /* PromiseMapVC.swift */; };
		4F8644E62614E68D009F20A3 /* Place.swift in Sources */ = {isa = PBXBuildFile; fileRef = 4F8644E52614E68D009F20A3 /* Place.swift */; };
		4F8644EA2614EEE9009F20A3 /* PlaceService.swift in Sources */ = {isa = PBXBuildFile; fileRef = 4F8644E92614EEE9009F20A3 /* PlaceService.swift */; };
		4F8644EE2615CFA9009F20A3 /* PlaceSearchTableViewCell.swift in Sources */ = {isa = PBXBuildFile; fileRef = 4F8644EC2615CFA9009F20A3 /* PlaceSearchTableViewCell.swift */; };
		4F8644EF2615CFA9009F20A3 /* PlaceSearchTableViewCell.xib in Resources */ = {isa = PBXBuildFile; fileRef = 4F8644ED2615CFA9009F20A3 /* PlaceSearchTableViewCell.xib */; };
		4F90BAEE261C8A1B0047F66A /* TimePopUpVC.swift in Sources */ = {isa = PBXBuildFile; fileRef = 4F90BAED261C8A1B0047F66A /* TimePopUpVC.swift */; };
		4F912793261B6B63002385A9 /* PromiseMake.storyboard in Resources */ = {isa = PBXBuildFile; fileRef = 4F912792261B6B63002385A9 /* PromiseMake.storyboard */; };
		4F912796261B7B3B002385A9 /* PromiseMakeNavigationVC.swift in Sources */ = {isa = PBXBuildFile; fileRef = 4F912795261B7B3B002385A9 /* PromiseMakeNavigationVC.swift */; };
		4F948AB7260C7CC7004BC1A9 /* FriendSettingPopUp.storyboard in Resources */ = {isa = PBXBuildFile; fileRef = 4F948AB6260C7CC7004BC1A9 /* FriendSettingPopUp.storyboard */; };
		4F948ABB260C7D82004BC1A9 /* FriendSettingPopUpVC.swift in Sources */ = {isa = PBXBuildFile; fileRef = 4F948ABA260C7D82004BC1A9 /* FriendSettingPopUpVC.swift */; };
		4F948ADA260DD4ED004BC1A9 /* Protocol.swift in Sources */ = {isa = PBXBuildFile; fileRef = 4F948AD9260DD4ED004BC1A9 /* Protocol.swift */; };
		4F9B4B4F26176315007E8534 /* SecondPromiseMakeVC.swift in Sources */ = {isa = PBXBuildFile; fileRef = 4F9B4B4E26176315007E8534 /* SecondPromiseMakeVC.swift */; };
		4FA2AF3C25DCF45700B65132 /* FirstSignUpVC.swift in Sources */ = {isa = PBXBuildFile; fileRef = 4FA2AF3B25DCF45700B65132 /* FirstSignUpVC.swift */; };
		4FA2AF4225DD02A100B65132 /* SecondSignUpVC.swift in Sources */ = {isa = PBXBuildFile; fileRef = 4FA2AF4125DD02A100B65132 /* SecondSignUpVC.swift */; };
		4FAB951525C7D4A000148446 /* AppDelegate.swift in Sources */ = {isa = PBXBuildFile; fileRef = 4FAB951425C7D4A000148446 /* AppDelegate.swift */; };
		4FAB951725C7D4A000148446 /* SceneDelegate.swift in Sources */ = {isa = PBXBuildFile; fileRef = 4FAB951625C7D4A000148446 /* SceneDelegate.swift */; };
		4FAB951C25C7D4A000148446 /* Main.storyboard in Resources */ = {isa = PBXBuildFile; fileRef = 4FAB951A25C7D4A000148446 /* Main.storyboard */; };
		4FAB951E25C7D4A400148446 /* Assets.xcassets in Resources */ = {isa = PBXBuildFile; fileRef = 4FAB951D25C7D4A400148446 /* Assets.xcassets */; };
		4FAB952125C7D4A400148446 /* LaunchScreen.storyboard in Resources */ = {isa = PBXBuildFile; fileRef = 4FAB951F25C7D4A400148446 /* LaunchScreen.storyboard */; };
		4FAB952D25C7D77B00148446 /* LoginVC.swift in Sources */ = {isa = PBXBuildFile; fileRef = 4FAB952C25C7D77B00148446 /* LoginVC.swift */; };
		4FD2DC2E25EFAD4100678B9B /* ActivityIndicator.swift in Sources */ = {isa = PBXBuildFile; fileRef = 4FD2DC2D25EFAD4100678B9B /* ActivityIndicator.swift */; };
		4FD2DC4F25F2471800678B9B /* BaseTabbarVC.swift in Sources */ = {isa = PBXBuildFile; fileRef = 4FD2DC4E25F2471800678B9B /* BaseTabbarVC.swift */; };
		4FD8322F25F7B95D00D8A214 /* FriendsVC.swift in Sources */ = {isa = PBXBuildFile; fileRef = 4FD8322E25F7B95D00D8A214 /* FriendsVC.swift */; };
		4FD8328425FBE3A000D8A214 /* FriendsMainTableViewCell.swift in Sources */ = {isa = PBXBuildFile; fileRef = 4FD8328225FBE3A000D8A214 /* FriendsMainTableViewCell.swift */; };
		4FD8328525FBE3A000D8A214 /* FriendsMainTableViewCell.xib in Resources */ = {isa = PBXBuildFile; fileRef = 4FD8328325FBE3A000D8A214 /* FriendsMainTableViewCell.xib */; };
		4FF06D4C26089B3A00327E80 /* UserKey.swift in Sources */ = {isa = PBXBuildFile; fileRef = 4FF06D4B26089B3A00327E80 /* UserKey.swift */; };
		4FF06D5326089CAD00327E80 /* Friend.swift in Sources */ = {isa = PBXBuildFile; fileRef = 4FF06D5226089CAD00327E80 /* Friend.swift */; };
		4FF6C91E25DCE1BF00F5B219 /* baseVC.swift in Sources */ = {isa = PBXBuildFile; fileRef = 4FF6C91D25DCE1BF00F5B219 /* baseVC.swift */; };
		4FF918B125E62A2A0096FC26 /* NetworkResult.swift in Sources */ = {isa = PBXBuildFile; fileRef = 4FF918B025E62A2A0096FC26 /* NetworkResult.swift */; };
		4FF918B525E62BCD0096FC26 /* LoginService.swift in Sources */ = {isa = PBXBuildFile; fileRef = 4FF918B425E62BCC0096FC26 /* LoginService.swift */; };
		4FF918B825E62F500096FC26 /* APIConstants.swift in Sources */ = {isa = PBXBuildFile; fileRef = 4FF918B725E62F500096FC26 /* APIConstants.swift */; };
		4FF918BC25E6450E0096FC26 /* ResponseToken.swift in Sources */ = {isa = PBXBuildFile; fileRef = 4FF918BB25E6450E0096FC26 /* ResponseToken.swift */; };
		4FF918C925E6BA970096FC26 /* SignUpService.swift in Sources */ = {isa = PBXBuildFile; fileRef = 4FF918C825E6BA970096FC26 /* SignUpService.swift */; };
		4FF918D925E81D270096FC26 /* DatePopUp.storyboard in Resources */ = {isa = PBXBuildFile; fileRef = 4FF918D825E81D270096FC26 /* DatePopUp.storyboard */; };
		4FF918E225E81D7E0096FC26 /* DatePopUpVC.swift in Sources */ = {isa = PBXBuildFile; fileRef = 4FF918E125E81D7E0096FC26 /* DatePopUpVC.swift */; };
		4FF918F725E8FB630096FC26 /* TabbarVC.storyboard in Resources */ = {isa = PBXBuildFile; fileRef = 4FF918F625E8FB630096FC26 /* TabbarVC.storyboard */; };
		4FF9190325E900660096FC26 /* ResponseUser.swift in Sources */ = {isa = PBXBuildFile; fileRef = 4FF9190225E900660096FC26 /* ResponseUser.swift */; };
		4FFF0397261B25D1003CEF89 /* UITextField.swift in Sources */ = {isa = PBXBuildFile; fileRef = 4FFF0396261B25D1003CEF89 /* UITextField.swift */; };
		4FFF039C261B2B5A003CEF89 /* UIColor.swift in Sources */ = {isa = PBXBuildFile; fileRef = 4FFF039B261B2B5A003CEF89 /* UIColor.swift */; };
		4FFF039F261B4E28003CEF89 /* CalendarVC.swift in Sources */ = {isa = PBXBuildFile; fileRef = 4FFF039E261B4E28003CEF89 /* CalendarVC.swift */; };
/* End PBXBuildFile section */

/* Begin PBXFileReference section */
		4F3A52B7260B5E020084C549 /* FriendService.swift */ = {isa = PBXFileReference; lastKnownFileType = sourcecode.swift; path = FriendService.swift; sourceTree = "<group>"; };
		4F3A52BE260B60F60084C549 /* ResponseFriendNickname.swift */ = {isa = PBXFileReference; lastKnownFileType = sourcecode.swift; path = ResponseFriendNickname.swift; sourceTree = "<group>"; };
		4F5564A02600E78700806E8D /* AppleSDGothicNeoB.ttf */ = {isa = PBXFileReference; lastKnownFileType = file; path = AppleSDGothicNeoB.ttf; sourceTree = "<group>"; };
		4F5564A12600E78700806E8D /* Roboto-Medium.ttf */ = {isa = PBXFileReference; lastKnownFileType = file; path = "Roboto-Medium.ttf"; sourceTree = "<group>"; };
		4F5564A22600E78700806E8D /* Roboto-Light.ttf */ = {isa = PBXFileReference; lastKnownFileType = file; path = "Roboto-Light.ttf"; sourceTree = "<group>"; };
		4F5564A32600E78700806E8D /* Roboto-Regular.ttf */ = {isa = PBXFileReference; lastKnownFileType = file; path = "Roboto-Regular.ttf"; sourceTree = "<group>"; };
		4F5564A42600E78700806E8D /* AppleSDGothicNeoM.ttf */ = {isa = PBXFileReference; lastKnownFileType = file; path = AppleSDGothicNeoM.ttf; sourceTree = "<group>"; };
		4F5564A52600E78700806E8D /* AppleSDGothicNeoSB.ttf */ = {isa = PBXFileReference; lastKnownFileType = file; path = AppleSDGothicNeoSB.ttf; sourceTree = "<group>"; };
		4F5564A62600E78800806E8D /* AppleSDGothicNeoR.ttf */ = {isa = PBXFileReference; lastKnownFileType = file; path = AppleSDGothicNeoR.ttf; sourceTree = "<group>"; };
		4F5564C62600F0AD00806E8D /* 16315-map.json */ = {isa = PBXFileReference; fileEncoding = 4; lastKnownFileType = text.json; path = "16315-map.json"; sourceTree = "<group>"; };
		4F5564C92601096900806E8D /* BMHANNAAir_otf.otf */ = {isa = PBXFileReference; lastKnownFileType = file; path = BMHANNAAir_otf.otf; sourceTree = "<group>"; };
		4F5564D326010D6700806E8D /* 스크린샷 2021-03-17 오전 12.56.26.png */ = {isa = PBXFileReference; lastKnownFileType = image.png; path = "스크린샷 2021-03-17 오전 12.56.26.png"; sourceTree = "<group>"; };
		4F5564D426010D6700806E8D /* 스크린샷 2021-03-17 오전 12.56.49.png */ = {isa = PBXFileReference; lastKnownFileType = image.png; path = "스크린샷 2021-03-17 오전 12.56.49.png"; sourceTree = "<group>"; };
		4F5564D526010D6700806E8D /* 스크린샷 2021-03-17 오전 12.56.04.png */ = {isa = PBXFileReference; lastKnownFileType = image.png; path = "스크린샷 2021-03-17 오전 12.56.04.png"; sourceTree = "<group>"; };
		4F5564D626010D6700806E8D /* 스크린샷 2021-03-17 오전 12.58.24.png */ = {isa = PBXFileReference; lastKnownFileType = image.png; path = "스크린샷 2021-03-17 오전 12.58.24.png"; sourceTree = "<group>"; };
		4F5564D726010D6700806E8D /* 스크린샷 2021-03-17 오전 12.56.59.png */ = {isa = PBXFileReference; lastKnownFileType = image.png; path = "스크린샷 2021-03-17 오전 12.56.59.png"; sourceTree = "<group>"; };
		4F5564D826010D6700806E8D /* 스크린샷 2021-03-17 오전 12.58.54.png */ = {isa = PBXFileReference; lastKnownFileType = image.png; path = "스크린샷 2021-03-17 오전 12.58.54.png"; sourceTree = "<group>"; };
		4F5564E52601E01200806E8D /* MyPageVC.swift */ = {isa = PBXFileReference; lastKnownFileType = sourcecode.swift; path = MyPageVC.swift; sourceTree = "<group>"; };
		4F5564E8260212B300806E8D /* MyPageSettingVC.swift */ = {isa = PBXFileReference; lastKnownFileType = sourcecode.swift; path = MyPageSettingVC.swift; sourceTree = "<group>"; };
		4F5564ED260225B000806E8D /* ProfileService.swift */ = {isa = PBXFileReference; lastKnownFileType = sourcecode.swift; name = ProfileService.swift; path = ../../../../Downloads/ProfileService.swift; sourceTree = "<group>"; };
		4F5564F426027C9100806E8D /* 스크린샷 2021-03-18 오전 3.06.02.png */ = {isa = PBXFileReference; lastKnownFileType = image.png; path = "스크린샷 2021-03-18 오전 3.06.02.png"; sourceTree = "<group>"; };
		4F5564F92603431800806E8D /* ResponseProfileImage.swift */ = {isa = PBXFileReference; lastKnownFileType = sourcecode.swift; path = ResponseProfileImage.swift; sourceTree = "<group>"; };
		4F5564FF260388BD00806E8D /* NetworkInfo.swift */ = {isa = PBXFileReference; lastKnownFileType = sourcecode.swift; path = NetworkInfo.swift; sourceTree = "<group>"; };
		4F8643F9261232FB009F20A3 /* PromiseMainVC.swift */ = {isa = PBXFileReference; lastKnownFileType = sourcecode.swift; path = PromiseMainVC.swift; sourceTree = "<group>"; };
		4F86440E2614A802009F20A3 /* FirstPromiseMakeVC.swift */ = {isa = PBXFileReference; lastKnownFileType = sourcecode.swift; path = FirstPromiseMakeVC.swift; sourceTree = "<group>"; };
		4F8644112614A812009F20A3 /* SearchPlaceVC.swift */ = {isa = PBXFileReference; lastKnownFileType = sourcecode.swift; path = SearchPlaceVC.swift; sourceTree = "<group>"; };
		4F8644172614CE36009F20A3 /* BasePromiseMakeVC.swift */ = {isa = PBXFileReference; lastKnownFileType = sourcecode.swift; path = BasePromiseMakeVC.swift; sourceTree = "<group>"; };
		4F86441E2614D543009F20A3 /* map_pinup_custom@3x.png */ = {isa = PBXFileReference; lastKnownFileType = image.png; path = "map_pinup_custom@3x.png"; sourceTree = "<group>"; };
		4F86441F2614D543009F20A3 /* map_pin_custom.png */ = {isa = PBXFileReference; lastKnownFileType = image.png; path = map_pin_custom.png; sourceTree = "<group>"; };
		4F8644202614D543009F20A3 /* shadow_balloon.png */ = {isa = PBXFileReference; lastKnownFileType = image.png; path = shadow_balloon.png; sourceTree = "<group>"; };
		4F8644212614D543009F20A3 /* map_pinup.png */ = {isa = PBXFileReference; lastKnownFileType = image.png; path = map_pinup.png; sourceTree = "<group>"; };
		4F8644222614D543009F20A3 /* detail_button.png */ = {isa = PBXFileReference; lastKnownFileType = image.png; path = detail_button.png; sourceTree = "<group>"; };
		4F8644232614D543009F20A3 /* map_pin_custom@3x.png */ = {isa = PBXFileReference; lastKnownFileType = image.png; path = "map_pin_custom@3x.png"; sourceTree = "<group>"; };
		4F8644242614D543009F20A3 /* map_pinup@3x.png */ = {isa = PBXFileReference; lastKnownFileType = image.png; path = "map_pinup@3x.png"; sourceTree = "<group>"; };
		4F8644252614D543009F20A3 /* map_pin_shadow@3x.png */ = {isa = PBXFileReference; lastKnownFileType = image.png; path = "map_pin_shadow@3x.png"; sourceTree = "<group>"; };
		4F8644262614D543009F20A3 /* copyright.png */ = {isa = PBXFileReference; lastKnownFileType = image.png; path = copyright.png; sourceTree = "<group>"; };
		4F8644272614D543009F20A3 /* th_line.png */ = {isa = PBXFileReference; lastKnownFileType = image.png; path = th_line.png; sourceTree = "<group>"; };
		4F8644282614D543009F20A3 /* map_pin_red@3x.png */ = {isa = PBXFileReference; lastKnownFileType = image.png; path = "map_pin_red@3x.png"; sourceTree = "<group>"; };
		4F8644292614D543009F20A3 /* daum_copyright.png */ = {isa = PBXFileReference; lastKnownFileType = image.png; path = daum_copyright.png; sourceTree = "<group>"; };
		4F86442A2614D543009F20A3 /* map_pin@3x.png */ = {isa = PBXFileReference; lastKnownFileType = image.png; path = "map_pin@3x.png"; sourceTree = "<group>"; };
		4F86442B2614D543009F20A3 /* map_present_tracking.png */ = {isa = PBXFileReference; lastKnownFileType = image.png; path = map_present_tracking.png; sourceTree = "<group>"; };
		4F86442C2614D543009F20A3 /* map_pin_red.png */ = {isa = PBXFileReference; lastKnownFileType = image.png; path = map_pin_red.png; sourceTree = "<group>"; };
		4F86442E2614D543009F20A3 /* MTMapPOIItem.h */ = {isa = PBXFileReference; fileEncoding = 4; lastKnownFileType = sourcecode.c.h; path = MTMapPOIItem.h; sourceTree = "<group>"; };
		4F86442F2614D543009F20A3 /* MTMapCameraUpdate.h */ = {isa = PBXFileReference; fileEncoding = 4; lastKnownFileType = sourcecode.c.h; path = MTMapCameraUpdate.h; sourceTree = "<group>"; };
		4F8644302614D543009F20A3 /* MTMapReverseGeoCoder.h */ = {isa = PBXFileReference; fileEncoding = 4; lastKnownFileType = sourcecode.c.h; path = MTMapReverseGeoCoder.h; sourceTree = "<group>"; };
		4F8644312614D543009F20A3 /* MTMapPolyline.h */ = {isa = PBXFileReference; fileEncoding = 4; lastKnownFileType = sourcecode.c.h; path = MTMapPolyline.h; sourceTree = "<group>"; };
		4F8644322614D543009F20A3 /* MTMapLocationMarkerItem.h */ = {isa = PBXFileReference; fileEncoding = 4; lastKnownFileType = sourcecode.c.h; path = MTMapLocationMarkerItem.h; sourceTree = "<group>"; };
		4F8644332614D543009F20A3 /* MTMapView.h */ = {isa = PBXFileReference; fileEncoding = 4; lastKnownFileType = sourcecode.c.h; path = MTMapView.h; sourceTree = "<group>"; };
		4F8644342614D543009F20A3 /* MTMapGeometry.h */ = {isa = PBXFileReference; fileEncoding = 4; lastKnownFileType = sourcecode.c.h; path = MTMapGeometry.h; sourceTree = "<group>"; };
		4F8644352614D543009F20A3 /* MTMapCircle.h */ = {isa = PBXFileReference; fileEncoding = 4; lastKnownFileType = sourcecode.c.h; path = MTMapCircle.h; sourceTree = "<group>"; };
		4F8644362614D543009F20A3 /* info_box.png */ = {isa = PBXFileReference; lastKnownFileType = image.png; path = info_box.png; sourceTree = "<group>"; };
		4F8644372614D543009F20A3 /* point_sprite.png */ = {isa = PBXFileReference; lastKnownFileType = image.png; path = point_sprite.png; sourceTree = "<group>"; };
		4F8644382614D543009F20A3 /* map_pinup_custom.png */ = {isa = PBXFileReference; lastKnownFileType = image.png; path = map_pinup_custom.png; sourceTree = "<group>"; };
		4F8644392614D543009F20A3 /* info_box_tail.png */ = {isa = PBXFileReference; lastKnownFileType = image.png; path = info_box_tail.png; sourceTree = "<group>"; };
		4F86443A2614D543009F20A3 /* noimage256.png */ = {isa = PBXFileReference; lastKnownFileType = image.png; path = noimage256.png; sourceTree = "<group>"; };
		4F86443B2614D543009F20A3 /* map_present_direction.png */ = {isa = PBXFileReference; lastKnownFileType = image.png; path = map_present_direction.png; sourceTree = "<group>"; };
		4F86443C2614D543009F20A3 /* map_pin.png */ = {isa = PBXFileReference; lastKnownFileType = image.png; path = map_pin.png; sourceTree = "<group>"; };
		4F86443D2614D543009F20A3 /* map_present.png */ = {isa = PBXFileReference; lastKnownFileType = image.png; path = map_present.png; sourceTree = "<group>"; };
		4F86443E2614D543009F20A3 /* noimage.png */ = {isa = PBXFileReference; lastKnownFileType = image.png; path = noimage.png; sourceTree = "<group>"; };
		4F86443F2614D543009F20A3 /* map_present_background_update.png */ = {isa = PBXFileReference; lastKnownFileType = image.png; path = map_present_background_update.png; sourceTree = "<group>"; };
		4F8644402614D543009F20A3 /* daum_th_line.png */ = {isa = PBXFileReference; lastKnownFileType = image.png; path = daum_th_line.png; sourceTree = "<group>"; };
		4F8644412614D543009F20A3 /* map_pin_shadow.png */ = {isa = PBXFileReference; lastKnownFileType = image.png; path = map_pin_shadow.png; sourceTree = "<group>"; };
		4F8644422614D543009F20A3 /* DaumMap.framework */ = {isa = PBXFileReference; lastKnownFileType = wrapper.framework; path = DaumMap.framework; sourceTree = "<group>"; };
		4F8644622614D5B4009F20A3 /* map_pinup_custom@3x.png */ = {isa = PBXFileReference; lastKnownFileType = image.png; path = "map_pinup_custom@3x.png"; sourceTree = "<group>"; };
		4F8644632614D5B4009F20A3 /* map_pin_custom.png */ = {isa = PBXFileReference; lastKnownFileType = image.png; path = map_pin_custom.png; sourceTree = "<group>"; };
		4F8644642614D5B4009F20A3 /* shadow_balloon.png */ = {isa = PBXFileReference; lastKnownFileType = image.png; path = shadow_balloon.png; sourceTree = "<group>"; };
		4F8644652614D5B4009F20A3 /* map_pinup.png */ = {isa = PBXFileReference; lastKnownFileType = image.png; path = map_pinup.png; sourceTree = "<group>"; };
		4F8644662614D5B4009F20A3 /* detail_button.png */ = {isa = PBXFileReference; lastKnownFileType = image.png; path = detail_button.png; sourceTree = "<group>"; };
		4F8644672614D5B4009F20A3 /* map_pin_custom@3x.png */ = {isa = PBXFileReference; lastKnownFileType = image.png; path = "map_pin_custom@3x.png"; sourceTree = "<group>"; };
		4F8644682614D5B4009F20A3 /* map_pinup@3x.png */ = {isa = PBXFileReference; lastKnownFileType = image.png; path = "map_pinup@3x.png"; sourceTree = "<group>"; };
		4F8644692614D5B4009F20A3 /* map_pin_shadow@3x.png */ = {isa = PBXFileReference; lastKnownFileType = image.png; path = "map_pin_shadow@3x.png"; sourceTree = "<group>"; };
		4F86446A2614D5B4009F20A3 /* copyright.png */ = {isa = PBXFileReference; lastKnownFileType = image.png; path = copyright.png; sourceTree = "<group>"; };
		4F86446B2614D5B4009F20A3 /* th_line.png */ = {isa = PBXFileReference; lastKnownFileType = image.png; path = th_line.png; sourceTree = "<group>"; };
		4F86446C2614D5B4009F20A3 /* map_pin_red@3x.png */ = {isa = PBXFileReference; lastKnownFileType = image.png; path = "map_pin_red@3x.png"; sourceTree = "<group>"; };
		4F86446D2614D5B4009F20A3 /* daum_copyright.png */ = {isa = PBXFileReference; lastKnownFileType = image.png; path = daum_copyright.png; sourceTree = "<group>"; };
		4F86446E2614D5B4009F20A3 /* map_pin@3x.png */ = {isa = PBXFileReference; lastKnownFileType = image.png; path = "map_pin@3x.png"; sourceTree = "<group>"; };
		4F86446F2614D5B4009F20A3 /* map_present_tracking.png */ = {isa = PBXFileReference; lastKnownFileType = image.png; path = map_present_tracking.png; sourceTree = "<group>"; };
		4F8644702614D5B4009F20A3 /* map_pin_red.png */ = {isa = PBXFileReference; lastKnownFileType = image.png; path = map_pin_red.png; sourceTree = "<group>"; };
		4F8644722614D5B4009F20A3 /* MTMapPOIItem.h */ = {isa = PBXFileReference; fileEncoding = 4; lastKnownFileType = sourcecode.c.h; path = MTMapPOIItem.h; sourceTree = "<group>"; };
		4F8644732614D5B4009F20A3 /* MTMapCameraUpdate.h */ = {isa = PBXFileReference; fileEncoding = 4; lastKnownFileType = sourcecode.c.h; path = MTMapCameraUpdate.h; sourceTree = "<group>"; };
		4F8644742614D5B4009F20A3 /* MTMapReverseGeoCoder.h */ = {isa = PBXFileReference; fileEncoding = 4; lastKnownFileType = sourcecode.c.h; path = MTMapReverseGeoCoder.h; sourceTree = "<group>"; };
		4F8644752614D5B4009F20A3 /* MTMapPolyline.h */ = {isa = PBXFileReference; fileEncoding = 4; lastKnownFileType = sourcecode.c.h; path = MTMapPolyline.h; sourceTree = "<group>"; };
		4F8644762614D5B4009F20A3 /* MTMapLocationMarkerItem.h */ = {isa = PBXFileReference; fileEncoding = 4; lastKnownFileType = sourcecode.c.h; path = MTMapLocationMarkerItem.h; sourceTree = "<group>"; };
		4F8644772614D5B4009F20A3 /* MTMapView.h */ = {isa = PBXFileReference; fileEncoding = 4; lastKnownFileType = sourcecode.c.h; path = MTMapView.h; sourceTree = "<group>"; };
		4F8644782614D5B4009F20A3 /* MTMapGeometry.h */ = {isa = PBXFileReference; fileEncoding = 4; lastKnownFileType = sourcecode.c.h; path = MTMapGeometry.h; sourceTree = "<group>"; };
		4F8644792614D5B4009F20A3 /* MTMapCircle.h */ = {isa = PBXFileReference; fileEncoding = 4; lastKnownFileType = sourcecode.c.h; path = MTMapCircle.h; sourceTree = "<group>"; };
		4F86447A2614D5B4009F20A3 /* info_box.png */ = {isa = PBXFileReference; lastKnownFileType = image.png; path = info_box.png; sourceTree = "<group>"; };
		4F86447B2614D5B4009F20A3 /* point_sprite.png */ = {isa = PBXFileReference; lastKnownFileType = image.png; path = point_sprite.png; sourceTree = "<group>"; };
		4F86447C2614D5B4009F20A3 /* map_pinup_custom.png */ = {isa = PBXFileReference; lastKnownFileType = image.png; path = map_pinup_custom.png; sourceTree = "<group>"; };
		4F86447D2614D5B4009F20A3 /* info_box_tail.png */ = {isa = PBXFileReference; lastKnownFileType = image.png; path = info_box_tail.png; sourceTree = "<group>"; };
		4F86447E2614D5B4009F20A3 /* noimage256.png */ = {isa = PBXFileReference; lastKnownFileType = image.png; path = noimage256.png; sourceTree = "<group>"; };
		4F86447F2614D5B4009F20A3 /* map_present_direction.png */ = {isa = PBXFileReference; lastKnownFileType = image.png; path = map_present_direction.png; sourceTree = "<group>"; };
		4F8644802614D5B4009F20A3 /* map_pin.png */ = {isa = PBXFileReference; lastKnownFileType = image.png; path = map_pin.png; sourceTree = "<group>"; };
		4F8644812614D5B4009F20A3 /* map_present.png */ = {isa = PBXFileReference; lastKnownFileType = image.png; path = map_present.png; sourceTree = "<group>"; };
		4F8644822614D5B4009F20A3 /* noimage.png */ = {isa = PBXFileReference; lastKnownFileType = image.png; path = noimage.png; sourceTree = "<group>"; };
		4F8644832614D5B4009F20A3 /* map_present_background_update.png */ = {isa = PBXFileReference; lastKnownFileType = image.png; path = map_present_background_update.png; sourceTree = "<group>"; };
		4F8644842614D5B4009F20A3 /* daum_th_line.png */ = {isa = PBXFileReference; lastKnownFileType = image.png; path = daum_th_line.png; sourceTree = "<group>"; };
		4F8644852614D5B4009F20A3 /* map_pin_shadow.png */ = {isa = PBXFileReference; lastKnownFileType = image.png; path = map_pin_shadow.png; sourceTree = "<group>"; };
		4F8644862614D5B4009F20A3 /* DaumMap.framework */ = {isa = PBXFileReference; lastKnownFileType = wrapper.framework; path = DaumMap.framework; sourceTree = "<group>"; };
		4F8644A42614D604009F20A3 /* OpenGLES.framework */ = {isa = PBXFileReference; lastKnownFileType = wrapper.framework; name = OpenGLES.framework; path = System/Library/Frameworks/OpenGLES.framework; sourceTree = SDKROOT; };
		4F8644A62614D60E009F20A3 /* SystemConfiguration.framework */ = {isa = PBXFileReference; lastKnownFileType = wrapper.framework; name = SystemConfiguration.framework; path = System/Library/Frameworks/SystemConfiguration.framework; sourceTree = SDKROOT; };
		4F8644A82614D614009F20A3 /* CoreLocation.framework */ = {isa = PBXFileReference; lastKnownFileType = wrapper.framework; name = CoreLocation.framework; path = System/Library/Frameworks/CoreLocation.framework; sourceTree = SDKROOT; };
		4F8644AA2614D61B009F20A3 /* QuartzCore.framework */ = {isa = PBXFileReference; lastKnownFileType = wrapper.framework; name = QuartzCore.framework; path = System/Library/Frameworks/QuartzCore.framework; sourceTree = SDKROOT; };
		4F8644AC2614D626009F20A3 /* libc++.tbd */ = {isa = PBXFileReference; lastKnownFileType = "sourcecode.text-based-dylib-definition"; name = "libc++.tbd"; path = "usr/lib/libc++.tbd"; sourceTree = SDKROOT; };
		4F8644AD2614D632009F20A3 /* libxml2.tbd */ = {isa = PBXFileReference; lastKnownFileType = "sourcecode.text-based-dylib-definition"; name = libxml2.tbd; path = usr/lib/libxml2.tbd; sourceTree = SDKROOT; };
		4F8644AE2614D63A009F20A3 /* libsqlite3.tbd */ = {isa = PBXFileReference; lastKnownFileType = "sourcecode.text-based-dylib-definition"; name = libsqlite3.tbd; path = usr/lib/libsqlite3.tbd; sourceTree = SDKROOT; };
		4F8644B02614D6E3009F20A3 /* WhereYa-Bridging-Header.h */ = {isa = PBXFileReference; lastKnownFileType = sourcecode.c.h; path = "WhereYa-Bridging-Header.h"; sourceTree = "<group>"; };
		4F8644BA2614D961009F20A3 /* Metal.framework */ = {isa = PBXFileReference; lastKnownFileType = wrapper.framework; name = Metal.framework; path = System/Library/Frameworks/Metal.framework; sourceTree = SDKROOT; };
		4F8644E12614E01E009F20A3 /* PromiseMapVC.swift */ = {isa = PBXFileReference; lastKnownFileType = sourcecode.swift; path = PromiseMapVC.swift; sourceTree = "<group>"; };
		4F8644E52614E68D009F20A3 /* Place.swift */ = {isa = PBXFileReference; lastKnownFileType = sourcecode.swift; path = Place.swift; sourceTree = "<group>"; };
		4F8644E92614EEE9009F20A3 /* PlaceService.swift */ = {isa = PBXFileReference; lastKnownFileType = sourcecode.swift; path = PlaceService.swift; sourceTree = "<group>"; };
		4F8644EC2615CFA9009F20A3 /* PlaceSearchTableViewCell.swift */ = {isa = PBXFileReference; lastKnownFileType = sourcecode.swift; path = PlaceSearchTableViewCell.swift; sourceTree = "<group>"; };
		4F8644ED2615CFA9009F20A3 /* PlaceSearchTableViewCell.xib */ = {isa = PBXFileReference; lastKnownFileType = file.xib; path = PlaceSearchTableViewCell.xib; sourceTree = "<group>"; };
		4F90BAED261C8A1B0047F66A /* TimePopUpVC.swift */ = {isa = PBXFileReference; lastKnownFileType = sourcecode.swift; path = TimePopUpVC.swift; sourceTree = "<group>"; };
		4F912792261B6B63002385A9 /* PromiseMake.storyboard */ = {isa = PBXFileReference; lastKnownFileType = file.storyboard; path = PromiseMake.storyboard; sourceTree = "<group>"; };
		4F912795261B7B3B002385A9 /* PromiseMakeNavigationVC.swift */ = {isa = PBXFileReference; lastKnownFileType = sourcecode.swift; path = PromiseMakeNavigationVC.swift; sourceTree = "<group>"; };
		4F948AB6260C7CC7004BC1A9 /* FriendSettingPopUp.storyboard */ = {isa = PBXFileReference; lastKnownFileType = file.storyboard; path = FriendSettingPopUp.storyboard; sourceTree = "<group>"; };
		4F948ABA260C7D82004BC1A9 /* FriendSettingPopUpVC.swift */ = {isa = PBXFileReference; lastKnownFileType = sourcecode.swift; path = FriendSettingPopUpVC.swift; sourceTree = "<group>"; };
		4F948AD9260DD4ED004BC1A9 /* Protocol.swift */ = {isa = PBXFileReference; lastKnownFileType = sourcecode.swift; path = Protocol.swift; sourceTree = "<group>"; };
		4F9B4B4E26176315007E8534 /* SecondPromiseMakeVC.swift */ = {isa = PBXFileReference; lastKnownFileType = sourcecode.swift; path = SecondPromiseMakeVC.swift; sourceTree = "<group>"; };
		4FA2AF3B25DCF45700B65132 /* FirstSignUpVC.swift */ = {isa = PBXFileReference; lastKnownFileType = sourcecode.swift; path = FirstSignUpVC.swift; sourceTree = "<group>"; };
		4FA2AF4125DD02A100B65132 /* SecondSignUpVC.swift */ = {isa = PBXFileReference; lastKnownFileType = sourcecode.swift; path = SecondSignUpVC.swift; sourceTree = "<group>"; };
		4FAB951125C7D4A000148446 /* WhereYa.app */ = {isa = PBXFileReference; explicitFileType = wrapper.application; includeInIndex = 0; path = WhereYa.app; sourceTree = BUILT_PRODUCTS_DIR; };
		4FAB951425C7D4A000148446 /* AppDelegate.swift */ = {isa = PBXFileReference; lastKnownFileType = sourcecode.swift; path = AppDelegate.swift; sourceTree = "<group>"; };
		4FAB951625C7D4A000148446 /* SceneDelegate.swift */ = {isa = PBXFileReference; lastKnownFileType = sourcecode.swift; path = SceneDelegate.swift; sourceTree = "<group>"; };
		4FAB951B25C7D4A000148446 /* Base */ = {isa = PBXFileReference; lastKnownFileType = file.storyboard; name = Base; path = Base.lproj/Main.storyboard; sourceTree = "<group>"; };
		4FAB951D25C7D4A400148446 /* Assets.xcassets */ = {isa = PBXFileReference; lastKnownFileType = folder.assetcatalog; path = Assets.xcassets; sourceTree = "<group>"; };
		4FAB952025C7D4A400148446 /* Base */ = {isa = PBXFileReference; lastKnownFileType = file.storyboard; name = Base; path = Base.lproj/LaunchScreen.storyboard; sourceTree = "<group>"; };
		4FAB952225C7D4A400148446 /* Info.plist */ = {isa = PBXFileReference; lastKnownFileType = text.plist.xml; name = Info.plist; path = WhereYa/Info.plist; sourceTree = SOURCE_ROOT; };
		4FAB952C25C7D77B00148446 /* LoginVC.swift */ = {isa = PBXFileReference; lastKnownFileType = sourcecode.swift; path = LoginVC.swift; sourceTree = "<group>"; };
		4FD2DC2D25EFAD4100678B9B /* ActivityIndicator.swift */ = {isa = PBXFileReference; lastKnownFileType = sourcecode.swift; path = ActivityIndicator.swift; sourceTree = "<group>"; };
		4FD2DC4E25F2471800678B9B /* BaseTabbarVC.swift */ = {isa = PBXFileReference; lastKnownFileType = sourcecode.swift; path = BaseTabbarVC.swift; sourceTree = "<group>"; };
		4FD8322E25F7B95D00D8A214 /* FriendsVC.swift */ = {isa = PBXFileReference; lastKnownFileType = sourcecode.swift; path = FriendsVC.swift; sourceTree = "<group>"; };
		4FD8328225FBE3A000D8A214 /* FriendsMainTableViewCell.swift */ = {isa = PBXFileReference; lastKnownFileType = sourcecode.swift; path = FriendsMainTableViewCell.swift; sourceTree = "<group>"; };
		4FD8328325FBE3A000D8A214 /* FriendsMainTableViewCell.xib */ = {isa = PBXFileReference; lastKnownFileType = file.xib; path = FriendsMainTableViewCell.xib; sourceTree = "<group>"; };
		4FF06D4B26089B3A00327E80 /* UserKey.swift */ = {isa = PBXFileReference; lastKnownFileType = sourcecode.swift; name = UserKey.swift; path = ../../../../Downloads/UserKey.swift; sourceTree = "<group>"; };
		4FF06D5226089CAD00327E80 /* Friend.swift */ = {isa = PBXFileReference; lastKnownFileType = sourcecode.swift; path = Friend.swift; sourceTree = "<group>"; };
		4FF6C91D25DCE1BF00F5B219 /* baseVC.swift */ = {isa = PBXFileReference; lastKnownFileType = sourcecode.swift; path = baseVC.swift; sourceTree = "<group>"; };
		4FF918B025E62A2A0096FC26 /* NetworkResult.swift */ = {isa = PBXFileReference; lastKnownFileType = sourcecode.swift; path = NetworkResult.swift; sourceTree = "<group>"; };
		4FF918B425E62BCC0096FC26 /* LoginService.swift */ = {isa = PBXFileReference; lastKnownFileType = sourcecode.swift; path = LoginService.swift; sourceTree = "<group>"; };
		4FF918B725E62F500096FC26 /* APIConstants.swift */ = {isa = PBXFileReference; lastKnownFileType = sourcecode.swift; path = APIConstants.swift; sourceTree = "<group>"; };
		4FF918BB25E6450E0096FC26 /* ResponseToken.swift */ = {isa = PBXFileReference; lastKnownFileType = sourcecode.swift; path = ResponseToken.swift; sourceTree = "<group>"; };
		4FF918C825E6BA970096FC26 /* SignUpService.swift */ = {isa = PBXFileReference; lastKnownFileType = sourcecode.swift; path = SignUpService.swift; sourceTree = "<group>"; };
		4FF918D825E81D270096FC26 /* DatePopUp.storyboard */ = {isa = PBXFileReference; lastKnownFileType = file.storyboard; path = DatePopUp.storyboard; sourceTree = "<group>"; };
		4FF918E125E81D7E0096FC26 /* DatePopUpVC.swift */ = {isa = PBXFileReference; lastKnownFileType = sourcecode.swift; path = DatePopUpVC.swift; sourceTree = "<group>"; };
		4FF918F625E8FB630096FC26 /* TabbarVC.storyboard */ = {isa = PBXFileReference; lastKnownFileType = file.storyboard; path = TabbarVC.storyboard; sourceTree = "<group>"; };
		4FF9190225E900660096FC26 /* ResponseUser.swift */ = {isa = PBXFileReference; lastKnownFileType = sourcecode.swift; path = ResponseUser.swift; sourceTree = "<group>"; };
		4FFF0396261B25D1003CEF89 /* UITextField.swift */ = {isa = PBXFileReference; lastKnownFileType = sourcecode.swift; path = UITextField.swift; sourceTree = "<group>"; };
		4FFF039B261B2B5A003CEF89 /* UIColor.swift */ = {isa = PBXFileReference; lastKnownFileType = sourcecode.swift; path = UIColor.swift; sourceTree = "<group>"; };
		4FFF039E261B4E28003CEF89 /* CalendarVC.swift */ = {isa = PBXFileReference; lastKnownFileType = sourcecode.swift; path = CalendarVC.swift; sourceTree = "<group>"; };
		7CAB4146BCC0F8AB2762B95B /* Pods_WhereYa.framework */ = {isa = PBXFileReference; explicitFileType = wrapper.framework; includeInIndex = 0; path = Pods_WhereYa.framework; sourceTree = BUILT_PRODUCTS_DIR; };
		8FFFD94B7A3694862AE0A199 /* Pods-WhereYa.debug.xcconfig */ = {isa = PBXFileReference; includeInIndex = 1; lastKnownFileType = text.xcconfig; name = "Pods-WhereYa.debug.xcconfig"; path = "Target Support Files/Pods-WhereYa/Pods-WhereYa.debug.xcconfig"; sourceTree = "<group>"; };
		906A0BCDEF2B3B391B528F96 /* Pods-WhereYa.release.xcconfig */ = {isa = PBXFileReference; includeInIndex = 1; lastKnownFileType = text.xcconfig; name = "Pods-WhereYa.release.xcconfig"; path = "Target Support Files/Pods-WhereYa/Pods-WhereYa.release.xcconfig"; sourceTree = "<group>"; };
/* End PBXFileReference section */

/* Begin PBXFrameworksBuildPhase section */
		4FAB950E25C7D4A000148446 /* Frameworks */ = {
			isa = PBXFrameworksBuildPhase;
			buildActionMask = 2147483647;
			files = (
				4F8644B82614D951009F20A3 /* libsqlite3.tbd in Frameworks */,
				4F8644BB2614D961009F20A3 /* Metal.framework in Frameworks */,
				4F8644A92614D614009F20A3 /* CoreLocation.framework in Frameworks */,
				4F86445E2614D544009F20A3 /* DaumMap.framework in Frameworks */,
				4F8644B42614D93D009F20A3 /* libc++.tbd in Frameworks */,
				4F8644AB2614D61B009F20A3 /* QuartzCore.framework in Frameworks */,
				4F8644A72614D60E009F20A3 /* SystemConfiguration.framework in Frameworks */,
				4F8644B62614D94A009F20A3 /* libxml2.tbd in Frameworks */,
				19E8D14FB76DF0C5A15C3C11 /* Pods_WhereYa.framework in Frameworks */,
			);
			runOnlyForDeploymentPostprocessing = 0;
		};
/* End PBXFrameworksBuildPhase section */

/* Begin PBXGroup section */
		2F5EEC83E9C167A2B3ABC1CA /* Pods */ = {
			isa = PBXGroup;
			children = (
				8FFFD94B7A3694862AE0A199 /* Pods-WhereYa.debug.xcconfig */,
				906A0BCDEF2B3B391B528F96 /* Pods-WhereYa.release.xcconfig */,
			);
			path = Pods;
			sourceTree = "<group>";
		};
		4F3A52A92609F0470084C549 /* Extension */ = {
			isa = PBXGroup;
			children = (
				4FFF0396261B25D1003CEF89 /* UITextField.swift */,
				4FFF039B261B2B5A003CEF89 /* UIColor.swift */,
			);
			path = Extension;
			sourceTree = "<group>";
		};
		4F5564CB26010C0400806E8D /* LogoName */ = {
			isa = PBXGroup;
			children = (
				4F5564D526010D6700806E8D /* 스크린샷 2021-03-17 오전 12.56.04.png */,
				4F5564D326010D6700806E8D /* 스크린샷 2021-03-17 오전 12.56.26.png */,
				4F5564D426010D6700806E8D /* 스크린샷 2021-03-17 오전 12.56.49.png */,
				4F5564D726010D6700806E8D /* 스크린샷 2021-03-17 오전 12.56.59.png */,
				4F5564D626010D6700806E8D /* 스크린샷 2021-03-17 오전 12.58.24.png */,
				4F5564D826010D6700806E8D /* 스크린샷 2021-03-17 오전 12.58.54.png */,
			);
			path = LogoName;
			sourceTree = "<group>";
		};
		4F5564E42601DFF200806E8D /* MyPage */ = {
			isa = PBXGroup;
			children = (
				4F5564E52601E01200806E8D /* MyPageVC.swift */,
				4F5564E8260212B300806E8D /* MyPageSettingVC.swift */,
			);
			name = MyPage;
			path = "마이페이지";
			sourceTree = "<group>";
		};
		4F5564EB260217B400806E8D /* Login */ = {
			isa = PBXGroup;
			children = (
				4F5564C62600F0AD00806E8D /* 16315-map.json */,
				4FAB952C25C7D77B00148446 /* LoginVC.swift */,
			);
			path = Login;
			sourceTree = "<group>";
		};
		4F8643F7261232CA009F20A3 /* Promise */ = {
			isa = PBXGroup;
			children = (
				4F8643F9261232FB009F20A3 /* PromiseMainVC.swift */,
				4F86440E2614A802009F20A3 /* FirstPromiseMakeVC.swift */,
				4F8644112614A812009F20A3 /* SearchPlaceVC.swift */,
				4F8644172614CE36009F20A3 /* BasePromiseMakeVC.swift */,
				4F8644E12614E01E009F20A3 /* PromiseMapVC.swift */,
				4F8644EC2615CFA9009F20A3 /* PlaceSearchTableViewCell.swift */,
				4F8644ED2615CFA9009F20A3 /* PlaceSearchTableViewCell.xib */,
				4F9B4B4E26176315007E8534 /* SecondPromiseMakeVC.swift */,
				4FFF039E261B4E28003CEF89 /* CalendarVC.swift */,
				4F912795261B7B3B002385A9 /* PromiseMakeNavigationVC.swift */,
				4F90BAED261C8A1B0047F66A /* TimePopUpVC.swift */,
			);
			path = Promise;
			sourceTree = "<group>";
		};
		4F86441C2614D543009F20A3 /* DaumMap.embeddedframework */ = {
			isa = PBXGroup;
			children = (
				4F8644602614D5B4009F20A3 /* DaumMap.embeddedframework */,
				4F86441D2614D543009F20A3 /* Resources */,
				4F8644422614D543009F20A3 /* DaumMap.framework */,
			);
			path = DaumMap.embeddedframework;
			sourceTree = "<group>";
		};
		4F86441D2614D543009F20A3 /* Resources */ = {
			isa = PBXGroup;
			children = (
				4F86441E2614D543009F20A3 /* map_pinup_custom@3x.png */,
				4F86441F2614D543009F20A3 /* map_pin_custom.png */,
				4F8644202614D543009F20A3 /* shadow_balloon.png */,
				4F8644212614D543009F20A3 /* map_pinup.png */,
				4F8644222614D543009F20A3 /* detail_button.png */,
				4F8644232614D543009F20A3 /* map_pin_custom@3x.png */,
				4F8644242614D543009F20A3 /* map_pinup@3x.png */,
				4F8644252614D543009F20A3 /* map_pin_shadow@3x.png */,
				4F8644262614D543009F20A3 /* copyright.png */,
				4F8644272614D543009F20A3 /* th_line.png */,
				4F8644282614D543009F20A3 /* map_pin_red@3x.png */,
				4F8644292614D543009F20A3 /* daum_copyright.png */,
				4F86442A2614D543009F20A3 /* map_pin@3x.png */,
				4F86442B2614D543009F20A3 /* map_present_tracking.png */,
				4F86442C2614D543009F20A3 /* map_pin_red.png */,
				4F86442D2614D543009F20A3 /* Headers */,
				4F8644362614D543009F20A3 /* info_box.png */,
				4F8644372614D543009F20A3 /* point_sprite.png */,
				4F8644382614D543009F20A3 /* map_pinup_custom.png */,
				4F8644392614D543009F20A3 /* info_box_tail.png */,
				4F86443A2614D543009F20A3 /* noimage256.png */,
				4F86443B2614D543009F20A3 /* map_present_direction.png */,
				4F86443C2614D543009F20A3 /* map_pin.png */,
				4F86443D2614D543009F20A3 /* map_present.png */,
				4F86443E2614D543009F20A3 /* noimage.png */,
				4F86443F2614D543009F20A3 /* map_present_background_update.png */,
				4F8644402614D543009F20A3 /* daum_th_line.png */,
				4F8644412614D543009F20A3 /* map_pin_shadow.png */,
			);
			path = Resources;
			sourceTree = "<group>";
		};
		4F86442D2614D543009F20A3 /* Headers */ = {
			isa = PBXGroup;
			children = (
				4F86442E2614D543009F20A3 /* MTMapPOIItem.h */,
				4F86442F2614D543009F20A3 /* MTMapCameraUpdate.h */,
				4F8644302614D543009F20A3 /* MTMapReverseGeoCoder.h */,
				4F8644312614D543009F20A3 /* MTMapPolyline.h */,
				4F8644322614D543009F20A3 /* MTMapLocationMarkerItem.h */,
				4F8644332614D543009F20A3 /* MTMapView.h */,
				4F8644342614D543009F20A3 /* MTMapGeometry.h */,
				4F8644352614D543009F20A3 /* MTMapCircle.h */,
			);
			path = Headers;
			sourceTree = "<group>";
		};
		4F8644602614D5B4009F20A3 /* DaumMap.embeddedframework */ = {
			isa = PBXGroup;
			children = (
				4F8644612614D5B4009F20A3 /* Resources */,
				4F8644862614D5B4009F20A3 /* DaumMap.framework */,
			);
			name = DaumMap.embeddedframework;
			sourceTree = "<group>";
		};
		4F8644612614D5B4009F20A3 /* Resources */ = {
			isa = PBXGroup;
			children = (
				4F8644622614D5B4009F20A3 /* map_pinup_custom@3x.png */,
				4F8644632614D5B4009F20A3 /* map_pin_custom.png */,
				4F8644642614D5B4009F20A3 /* shadow_balloon.png */,
				4F8644652614D5B4009F20A3 /* map_pinup.png */,
				4F8644662614D5B4009F20A3 /* detail_button.png */,
				4F8644672614D5B4009F20A3 /* map_pin_custom@3x.png */,
				4F8644682614D5B4009F20A3 /* map_pinup@3x.png */,
				4F8644692614D5B4009F20A3 /* map_pin_shadow@3x.png */,
				4F86446A2614D5B4009F20A3 /* copyright.png */,
				4F86446B2614D5B4009F20A3 /* th_line.png */,
				4F86446C2614D5B4009F20A3 /* map_pin_red@3x.png */,
				4F86446D2614D5B4009F20A3 /* daum_copyright.png */,
				4F86446E2614D5B4009F20A3 /* map_pin@3x.png */,
				4F86446F2614D5B4009F20A3 /* map_present_tracking.png */,
				4F8644702614D5B4009F20A3 /* map_pin_red.png */,
				4F8644712614D5B4009F20A3 /* Headers */,
				4F86447A2614D5B4009F20A3 /* info_box.png */,
				4F86447B2614D5B4009F20A3 /* point_sprite.png */,
				4F86447C2614D5B4009F20A3 /* map_pinup_custom.png */,
				4F86447D2614D5B4009F20A3 /* info_box_tail.png */,
				4F86447E2614D5B4009F20A3 /* noimage256.png */,
				4F86447F2614D5B4009F20A3 /* map_present_direction.png */,
				4F8644802614D5B4009F20A3 /* map_pin.png */,
				4F8644812614D5B4009F20A3 /* map_present.png */,
				4F8644822614D5B4009F20A3 /* noimage.png */,
				4F8644832614D5B4009F20A3 /* map_present_background_update.png */,
				4F8644842614D5B4009F20A3 /* daum_th_line.png */,
				4F8644852614D5B4009F20A3 /* map_pin_shadow.png */,
			);
			path = Resources;
			sourceTree = "<group>";
		};
		4F8644712614D5B4009F20A3 /* Headers */ = {
			isa = PBXGroup;
			children = (
				4F8644722614D5B4009F20A3 /* MTMapPOIItem.h */,
				4F8644732614D5B4009F20A3 /* MTMapCameraUpdate.h */,
				4F8644742614D5B4009F20A3 /* MTMapReverseGeoCoder.h */,
				4F8644752614D5B4009F20A3 /* MTMapPolyline.h */,
				4F8644762614D5B4009F20A3 /* MTMapLocationMarkerItem.h */,
				4F8644772614D5B4009F20A3 /* MTMapView.h */,
				4F8644782614D5B4009F20A3 /* MTMapGeometry.h */,
				4F8644792614D5B4009F20A3 /* MTMapCircle.h */,
			);
			path = Headers;
			sourceTree = "<group>";
		};
		4FAB950825C7D4A000148446 = {
			isa = PBXGroup;
			children = (
				4F8644B02614D6E3009F20A3 /* WhereYa-Bridging-Header.h */,
				4FAB951325C7D4A000148446 /* WhereYa */,
				4FAB951225C7D4A000148446 /* Products */,
				2F5EEC83E9C167A2B3ABC1CA /* Pods */,
				7716279AABFFD0D404869E40 /* Frameworks */,
			);
			sourceTree = "<group>";
		};
		4FAB951225C7D4A000148446 /* Products */ = {
			isa = PBXGroup;
			children = (
				4FAB951125C7D4A000148446 /* WhereYa.app */,
			);
			name = Products;
			sourceTree = "<group>";
		};
		4FAB951325C7D4A000148446 /* WhereYa */ = {
			isa = PBXGroup;
			children = (
				4FF918BE25E647CF0096FC26 /* Resource */,
				4FF918BA25E644F30096FC26 /* Model */,
				4FF918AF25E62A1F0096FC26 /* API */,
				4FF917DA25DE59840096FC26 /* Utils */,
				4FAB952A25C7D4C300148446 /* Controller */,
				4FAB952925C7D4BB00148446 /* View */,
				4FAB952225C7D4A400148446 /* Info.plist */,
				4F86441C2614D543009F20A3 /* DaumMap.embeddedframework */,
			);
			path = WhereYa;
			sourceTree = "<group>";
		};
		4FAB952925C7D4BB00148446 /* View */ = {
			isa = PBXGroup;
			children = (
				4FAB951F25C7D4A400148446 /* LaunchScreen.storyboard */,
				4FAB951A25C7D4A000148446 /* Main.storyboard */,
				4FF918D825E81D270096FC26 /* DatePopUp.storyboard */,
				4FF918F625E8FB630096FC26 /* TabbarVC.storyboard */,
				4F948AB6260C7CC7004BC1A9 /* FriendSettingPopUp.storyboard */,
				4F912792261B6B63002385A9 /* PromiseMake.storyboard */,
			);
			path = View;
			sourceTree = "<group>";
		};
		4FAB952A25C7D4C300148446 /* Controller */ = {
			isa = PBXGroup;
			children = (
				4F3A52A92609F0470084C549 /* Extension */,
				4F5564EB260217B400806E8D /* Login */,
				4FF918F925E8FBF30096FC26 /* SignUp */,
				4FD8322C25F7B90B00D8A214 /* Tabbar */,
				4F948AD9260DD4ED004BC1A9 /* Protocol.swift */,
			);
			path = Controller;
			sourceTree = "<group>";
		};
		4FD8322C25F7B90B00D8A214 /* Tabbar */ = {
			isa = PBXGroup;
			children = (
				4FD2DC4E25F2471800678B9B /* BaseTabbarVC.swift */,
				4FF918FC25E8FC200096FC26 /* Home */,
				4F8643F7261232CA009F20A3 /* Promise */,
				4FD8322D25F7B91F00D8A214 /* FreiendList */,
				4F5564E42601DFF200806E8D /* MyPage */,
			);
			name = Tabbar;
			path = "탭바";
			sourceTree = "<group>";
		};
		4FD8322D25F7B91F00D8A214 /* FreiendList */ = {
			isa = PBXGroup;
			children = (
				4FD8322E25F7B95D00D8A214 /* FriendsVC.swift */,
				4FD8328225FBE3A000D8A214 /* FriendsMainTableViewCell.swift */,
				4FD8328325FBE3A000D8A214 /* FriendsMainTableViewCell.xib */,
				4F948ABA260C7D82004BC1A9 /* FriendSettingPopUpVC.swift */,
			);
			name = FreiendList;
			path = "커뮤니티";
			sourceTree = "<group>";
		};
		4FF917B725DE453A0096FC26 /* Font */ = {
			isa = PBXGroup;
			children = (
				4F5564A02600E78700806E8D /* AppleSDGothicNeoB.ttf */,
				4F5564A42600E78700806E8D /* AppleSDGothicNeoM.ttf */,
				4F5564A62600E78800806E8D /* AppleSDGothicNeoR.ttf */,
				4F5564A52600E78700806E8D /* AppleSDGothicNeoSB.ttf */,
				4F5564A22600E78700806E8D /* Roboto-Light.ttf */,
				4F5564A12600E78700806E8D /* Roboto-Medium.ttf */,
				4F5564A32600E78700806E8D /* Roboto-Regular.ttf */,
				4F5564C92601096900806E8D /* BMHANNAAir_otf.otf */,
			);
			path = Font;
			sourceTree = "<group>";
		};
		4FF917DA25DE59840096FC26 /* Utils */ = {
			isa = PBXGroup;
			children = (
				4FAB951425C7D4A000148446 /* AppDelegate.swift */,
				4FAB951625C7D4A000148446 /* SceneDelegate.swift */,
			);
			path = Utils;
			sourceTree = "<group>";
		};
		4FF918AF25E62A1F0096FC26 /* API */ = {
			isa = PBXGroup;
			children = (
				4FF918B725E62F500096FC26 /* APIConstants.swift */,
				4FF918B025E62A2A0096FC26 /* NetworkResult.swift */,
				4FF918B425E62BCC0096FC26 /* LoginService.swift */,
				4FF918C825E6BA970096FC26 /* SignUpService.swift */,
				4F5564ED260225B000806E8D /* ProfileService.swift */,
				4F5564FF260388BD00806E8D /* NetworkInfo.swift */,
				4F3A52B7260B5E020084C549 /* FriendService.swift */,
				4F8644E92614EEE9009F20A3 /* PlaceService.swift */,
			);
			path = API;
			sourceTree = "<group>";
		};
		4FF918BA25E644F30096FC26 /* Model */ = {
			isa = PBXGroup;
			children = (
				4FF918BB25E6450E0096FC26 /* ResponseToken.swift */,
				4FF9190225E900660096FC26 /* ResponseUser.swift */,
				4FD2DC2D25EFAD4100678B9B /* ActivityIndicator.swift */,
				4F5564F92603431800806E8D /* ResponseProfileImage.swift */,
				4FF06D4B26089B3A00327E80 /* UserKey.swift */,
				4FF06D5226089CAD00327E80 /* Friend.swift */,
				4F3A52BE260B60F60084C549 /* ResponseFriendNickname.swift */,
				4F8644E52614E68D009F20A3 /* Place.swift */,
			);
			path = Model;
			sourceTree = "<group>";
		};
		4FF918BE25E647CF0096FC26 /* Resource */ = {
			isa = PBXGroup;
			children = (
				4FF917B725DE453A0096FC26 /* Font */,
				4FF918C025E647F20096FC26 /* Image */,
			);
			path = Resource;
			sourceTree = "<group>";
		};
		4FF918C025E647F20096FC26 /* Image */ = {
			isa = PBXGroup;
			children = (
				4FAB951D25C7D4A400148446 /* Assets.xcassets */,
				4F5564F426027C9100806E8D /* 스크린샷 2021-03-18 오전 3.06.02.png */,
				4F5564CB26010C0400806E8D /* LogoName */,
			);
			path = Image;
			sourceTree = "<group>";
		};
		4FF918F925E8FBF30096FC26 /* SignUp */ = {
			isa = PBXGroup;
			children = (
				4FF6C91D25DCE1BF00F5B219 /* baseVC.swift */,
				4FA2AF3B25DCF45700B65132 /* FirstSignUpVC.swift */,
				4FA2AF4125DD02A100B65132 /* SecondSignUpVC.swift */,
				4FF918E125E81D7E0096FC26 /* DatePopUpVC.swift */,
			);
			name = SignUp;
			path = "회원가입,로그인";
			sourceTree = "<group>";
		};
		4FF918FC25E8FC200096FC26 /* Home */ = {
			isa = PBXGroup;
			children = (
			);
			name = Home;
			path = "홈";
			sourceTree = "<group>";
		};
		7716279AABFFD0D404869E40 /* Frameworks */ = {
			isa = PBXGroup;
			children = (
				4F8644BA2614D961009F20A3 /* Metal.framework */,
				4F8644AE2614D63A009F20A3 /* libsqlite3.tbd */,
				4F8644AD2614D632009F20A3 /* libxml2.tbd */,
				4F8644AC2614D626009F20A3 /* libc++.tbd */,
				4F8644AA2614D61B009F20A3 /* QuartzCore.framework */,
				4F8644A82614D614009F20A3 /* CoreLocation.framework */,
				4F8644A62614D60E009F20A3 /* SystemConfiguration.framework */,
				4F8644A42614D604009F20A3 /* OpenGLES.framework */,
				7CAB4146BCC0F8AB2762B95B /* Pods_WhereYa.framework */,
			);
			name = Frameworks;
			sourceTree = "<group>";
		};
/* End PBXGroup section */

/* Begin PBXNativeTarget section */
		4FAB951025C7D4A000148446 /* WhereYa */ = {
			isa = PBXNativeTarget;
			buildConfigurationList = 4FAB952525C7D4A400148446 /* Build configuration list for PBXNativeTarget "WhereYa" */;
			buildPhases = (
				165F4559487B72E771B8EE65 /* [CP] Check Pods Manifest.lock */,
				4FAB950D25C7D4A000148446 /* Sources */,
				4FAB950E25C7D4A000148446 /* Frameworks */,
				4FAB950F25C7D4A000148446 /* Resources */,
				DAAA37E0AB4A1E0E88B1D471 /* [CP] Embed Pods Frameworks */,
			);
			buildRules = (
			);
			dependencies = (
			);
			name = WhereYa;
			productName = GOGO;
			productReference = 4FAB951125C7D4A000148446 /* WhereYa.app */;
			productType = "com.apple.product-type.application";
		};
/* End PBXNativeTarget section */

/* Begin PBXProject section */
		4FAB950925C7D4A000148446 /* Project object */ = {
			isa = PBXProject;
			attributes = {
				LastSwiftUpdateCheck = 1240;
				LastUpgradeCheck = 1240;
				TargetAttributes = {
					4FAB951025C7D4A000148446 = {
						CreatedOnToolsVersion = 12.4;
						LastSwiftMigration = 1240;
					};
				};
			};
			buildConfigurationList = 4FAB950C25C7D4A000148446 /* Build configuration list for PBXProject "WhereYa" */;
			compatibilityVersion = "Xcode 9.3";
			developmentRegion = en;
			hasScannedForEncodings = 0;
			knownRegions = (
				en,
				Base,
			);
			mainGroup = 4FAB950825C7D4A000148446;
			productRefGroup = 4FAB951225C7D4A000148446 /* Products */;
			projectDirPath = "";
			projectRoot = "";
			targets = (
				4FAB951025C7D4A000148446 /* WhereYa */,
			);
		};
/* End PBXProject section */

/* Begin PBXResourcesBuildPhase section */
		4FAB950F25C7D4A000148446 /* Resources */ = {
			isa = PBXResourcesBuildPhase;
			buildActionMask = 2147483647;
			files = (
				4F8644552614D544009F20A3 /* info_box_tail.png in Resources */,
				4F86448F2614D5B5009F20A3 /* copyright.png in Resources */,
				4F8644942614D5B5009F20A3 /* map_present_tracking.png in Resources */,
				4F8644492614D544009F20A3 /* map_pinup@3x.png in Resources */,
				4F8644EF2615CFA9009F20A3 /* PlaceSearchTableViewCell.xib in Resources */,
				4F8644882614D5B5009F20A3 /* map_pin_custom.png in Resources */,
				4F8644952614D5B5009F20A3 /* map_pin_red.png in Resources */,
				4F5564DE26010D6700806E8D /* 스크린샷 2021-03-17 오전 12.58.54.png in Resources */,
				4F86449B2614D5B5009F20A3 /* map_present_direction.png in Resources */,
				4F5564D926010D6700806E8D /* 스크린샷 2021-03-17 오전 12.56.26.png in Resources */,
				4FAB952125C7D4A400148446 /* LaunchScreen.storyboard in Resources */,
				4F8644962614D5B5009F20A3 /* info_box.png in Resources */,
				4FD8328525FBE3A000D8A214 /* FriendsMainTableViewCell.xib in Resources */,
				4F912793261B6B63002385A9 /* PromiseMake.storyboard in Resources */,
				4F86448E2614D5B5009F20A3 /* map_pin_shadow@3x.png in Resources */,
				4F8644872614D5B5009F20A3 /* map_pinup_custom@3x.png in Resources */,
				4F86449D2614D5B5009F20A3 /* map_present.png in Resources */,
				4FAB951E25C7D4A400148446 /* Assets.xcassets in Resources */,
				4F8644582614D544009F20A3 /* map_pin.png in Resources */,
				4F948AB7260C7CC7004BC1A9 /* FriendSettingPopUp.storyboard in Resources */,
				4FAB951C25C7D4A000148446 /* Main.storyboard in Resources */,
				4F5564F526027C9100806E8D /* 스크린샷 2021-03-18 오전 3.06.02.png in Resources */,
				4FF918D925E81D270096FC26 /* DatePopUp.storyboard in Resources */,
				4F8644A02614D5B5009F20A3 /* daum_th_line.png in Resources */,
				4F8644892614D5B5009F20A3 /* shadow_balloon.png in Resources */,
				4F5564DD26010D6700806E8D /* 스크린샷 2021-03-17 오전 12.56.59.png in Resources */,
				4F8644482614D544009F20A3 /* map_pin_custom@3x.png in Resources */,
				4F5564DB26010D6700806E8D /* 스크린샷 2021-03-17 오전 12.56.04.png in Resources */,
				4F8644972614D5B5009F20A3 /* point_sprite.png in Resources */,
				4F86444E2614D544009F20A3 /* daum_copyright.png in Resources */,
				4F5564DA26010D6700806E8D /* 스크린샷 2021-03-17 오전 12.56.49.png in Resources */,
				4F5564DC26010D6700806E8D /* 스크린샷 2021-03-17 오전 12.58.24.png in Resources */,
				4F86444F2614D544009F20A3 /* map_pin@3x.png in Resources */,
				4F86444C2614D544009F20A3 /* th_line.png in Resources */,
				4F86448A2614D5B5009F20A3 /* map_pinup.png in Resources */,
				4F8644A12614D5B5009F20A3 /* map_pin_shadow.png in Resources */,
				4F5564C72600F0AD00806E8D /* 16315-map.json in Resources */,
				4F86445B2614D544009F20A3 /* map_present_background_update.png in Resources */,
				4F86445A2614D544009F20A3 /* noimage.png in Resources */,
				4F8644542614D544009F20A3 /* map_pinup_custom.png in Resources */,
				4F86444D2614D544009F20A3 /* map_pin_red@3x.png in Resources */,
				4FF918F725E8FB630096FC26 /* TabbarVC.storyboard in Resources */,
				4F8644562614D544009F20A3 /* noimage256.png in Resources */,
			);
			runOnlyForDeploymentPostprocessing = 0;
		};
/* End PBXResourcesBuildPhase section */

/* Begin PBXShellScriptBuildPhase section */
		165F4559487B72E771B8EE65 /* [CP] Check Pods Manifest.lock */ = {
			isa = PBXShellScriptBuildPhase;
			buildActionMask = 2147483647;
			files = (
			);
			inputFileListPaths = (
			);
			inputPaths = (
				"${PODS_PODFILE_DIR_PATH}/Podfile.lock",
				"${PODS_ROOT}/Manifest.lock",
			);
			name = "[CP] Check Pods Manifest.lock";
			outputFileListPaths = (
			);
			outputPaths = (
				"$(DERIVED_FILE_DIR)/Pods-WhereYa-checkManifestLockResult.txt",
			);
			runOnlyForDeploymentPostprocessing = 0;
			shellPath = /bin/sh;
			shellScript = "diff \"${PODS_PODFILE_DIR_PATH}/Podfile.lock\" \"${PODS_ROOT}/Manifest.lock\" > /dev/null\nif [ $? != 0 ] ; then\n    # print error to STDERR\n    echo \"error: The sandbox is not in sync with the Podfile.lock. Run 'pod install' or update your CocoaPods installation.\" >&2\n    exit 1\nfi\n# This output is used by Xcode 'outputs' to avoid re-running this script phase.\necho \"SUCCESS\" > \"${SCRIPT_OUTPUT_FILE_0}\"\n";
			showEnvVarsInLog = 0;
		};
		DAAA37E0AB4A1E0E88B1D471 /* [CP] Embed Pods Frameworks */ = {
			isa = PBXShellScriptBuildPhase;
			buildActionMask = 2147483647;
			files = (
			);
			inputFileListPaths = (
				"${PODS_ROOT}/Target Support Files/Pods-WhereYa/Pods-WhereYa-frameworks-${CONFIGURATION}-input-files.xcfilelist",
			);
			name = "[CP] Embed Pods Frameworks";
			outputFileListPaths = (
				"${PODS_ROOT}/Target Support Files/Pods-WhereYa/Pods-WhereYa-frameworks-${CONFIGURATION}-output-files.xcfilelist",
			);
			runOnlyForDeploymentPostprocessing = 0;
			shellPath = /bin/sh;
			shellScript = "\"${PODS_ROOT}/Target Support Files/Pods-WhereYa/Pods-WhereYa-frameworks.sh\"\n";
			showEnvVarsInLog = 0;
		};
/* End PBXShellScriptBuildPhase section */

/* Begin PBXSourcesBuildPhase section */
		4FAB950D25C7D4A000148446 /* Sources */ = {
			isa = PBXSourcesBuildPhase;
			buildActionMask = 2147483647;
			files = (
				4F948ADA260DD4ED004BC1A9 /* Protocol.swift in Sources */,
				4F3A52BF260B60F60084C549 /* ResponseFriendNickname.swift in Sources */,
				4FAB952D25C7D77B00148446 /* LoginVC.swift in Sources */,
				4F90BAEE261C8A1B0047F66A /* TimePopUpVC.swift in Sources */,
				4FD2DC2E25EFAD4100678B9B /* ActivityIndicator.swift in Sources */,
				4FFF039F261B4E28003CEF89 /* CalendarVC.swift in Sources */,
				4F8643FA261232FB009F20A3 /* PromiseMainVC.swift in Sources */,
				4F556500260388BD00806E8D /* NetworkInfo.swift in Sources */,
				4F8644122614A812009F20A3 /* SearchPlaceVC.swift in Sources */,
				4F912796261B7B3B002385A9 /* PromiseMakeNavigationVC.swift in Sources */,
				4F5564E9260212B300806E8D /* MyPageSettingVC.swift in Sources */,
				4FF6C91E25DCE1BF00F5B219 /* baseVC.swift in Sources */,
				4F86440F2614A802009F20A3 /* FirstPromiseMakeVC.swift in Sources */,
				4FF918C925E6BA970096FC26 /* SignUpService.swift in Sources */,
				4FA2AF4225DD02A100B65132 /* SecondSignUpVC.swift in Sources */,
				4FF918B525E62BCD0096FC26 /* LoginService.swift in Sources */,
				4FAB951525C7D4A000148446 /* AppDelegate.swift in Sources */,
				4FF9190325E900660096FC26 /* ResponseUser.swift in Sources */,
				4FF918B825E62F500096FC26 /* APIConstants.swift in Sources */,
				4F8644EE2615CFA9009F20A3 /* PlaceSearchTableViewCell.swift in Sources */,
				4F8644182614CE36009F20A3 /* BasePromiseMakeVC.swift in Sources */,
				4FFF0397261B25D1003CEF89 /* UITextField.swift in Sources */,
				4F948ABB260C7D82004BC1A9 /* FriendSettingPopUpVC.swift in Sources */,
				4F8644E62614E68D009F20A3 /* Place.swift in Sources */,
				4F5564FA2603431800806E8D /* ResponseProfileImage.swift in Sources */,
				4FAB951725C7D4A000148446 /* SceneDelegate.swift in Sources */,
				4FD8322F25F7B95D00D8A214 /* FriendsVC.swift in Sources */,
				4FA2AF3C25DCF45700B65132 /* FirstSignUpVC.swift in Sources */,
				4F8644E22614E01E009F20A3 /* PromiseMapVC.swift in Sources */,
				4FF06D4C26089B3A00327E80 /* UserKey.swift in Sources */,
				4F3A52B8260B5E020084C549 /* FriendService.swift in Sources */,
				4FFF039C261B2B5A003CEF89 /* UIColor.swift in Sources */,
				4FF918E225E81D7E0096FC26 /* DatePopUpVC.swift in Sources */,
				4F5564E62601E01200806E8D /* MyPageVC.swift in Sources */,
				4FF918B125E62A2A0096FC26 /* NetworkResult.swift in Sources */,
				4FD8328425FBE3A000D8A214 /* FriendsMainTableViewCell.swift in Sources */,
				4F8644EA2614EEE9009F20A3 /* PlaceService.swift in Sources */,
				4FD2DC4F25F2471800678B9B /* BaseTabbarVC.swift in Sources */,
				4F9B4B4F26176315007E8534 /* SecondPromiseMakeVC.swift in Sources */,
				4F5564EE260225B000806E8D /* ProfileService.swift in Sources */,
				4FF918BC25E6450E0096FC26 /* ResponseToken.swift in Sources */,
				4FF06D5326089CAD00327E80 /* Friend.swift in Sources */,
			);
			runOnlyForDeploymentPostprocessing = 0;
		};
/* End PBXSourcesBuildPhase section */

/* Begin PBXVariantGroup section */
		4FAB951A25C7D4A000148446 /* Main.storyboard */ = {
			isa = PBXVariantGroup;
			children = (
				4FAB951B25C7D4A000148446 /* Base */,
			);
			name = Main.storyboard;
			sourceTree = "<group>";
		};
		4FAB951F25C7D4A400148446 /* LaunchScreen.storyboard */ = {
			isa = PBXVariantGroup;
			children = (
				4FAB952025C7D4A400148446 /* Base */,
			);
			name = LaunchScreen.storyboard;
			sourceTree = "<group>";
		};
/* End PBXVariantGroup section */

/* Begin XCBuildConfiguration section */
		4FAB952325C7D4A400148446 /* Debug */ = {
			isa = XCBuildConfiguration;
			buildSettings = {
				ALWAYS_SEARCH_USER_PATHS = NO;
				CLANG_ANALYZER_NONNULL = YES;
				CLANG_ANALYZER_NUMBER_OBJECT_CONVERSION = YES_AGGRESSIVE;
				CLANG_CXX_LANGUAGE_STANDARD = "gnu++14";
				CLANG_CXX_LIBRARY = "libc++";
				CLANG_ENABLE_MODULES = YES;
				CLANG_ENABLE_OBJC_ARC = YES;
				CLANG_ENABLE_OBJC_WEAK = YES;
				CLANG_WARN_BLOCK_CAPTURE_AUTORELEASING = YES;
				CLANG_WARN_BOOL_CONVERSION = YES;
				CLANG_WARN_COMMA = YES;
				CLANG_WARN_CONSTANT_CONVERSION = YES;
				CLANG_WARN_DEPRECATED_OBJC_IMPLEMENTATIONS = YES;
				CLANG_WARN_DIRECT_OBJC_ISA_USAGE = YES_ERROR;
				CLANG_WARN_DOCUMENTATION_COMMENTS = YES;
				CLANG_WARN_EMPTY_BODY = YES;
				CLANG_WARN_ENUM_CONVERSION = YES;
				CLANG_WARN_INFINITE_RECURSION = YES;
				CLANG_WARN_INT_CONVERSION = YES;
				CLANG_WARN_NON_LITERAL_NULL_CONVERSION = YES;
				CLANG_WARN_OBJC_IMPLICIT_RETAIN_SELF = YES;
				CLANG_WARN_OBJC_LITERAL_CONVERSION = YES;
				CLANG_WARN_OBJC_ROOT_CLASS = YES_ERROR;
				CLANG_WARN_QUOTED_INCLUDE_IN_FRAMEWORK_HEADER = YES;
				CLANG_WARN_RANGE_LOOP_ANALYSIS = YES;
				CLANG_WARN_STRICT_PROTOTYPES = YES;
				CLANG_WARN_SUSPICIOUS_MOVE = YES;
				CLANG_WARN_UNGUARDED_AVAILABILITY = YES_AGGRESSIVE;
				CLANG_WARN_UNREACHABLE_CODE = YES;
				CLANG_WARN__DUPLICATE_METHOD_MATCH = YES;
				COPY_PHASE_STRIP = NO;
				DEBUG_INFORMATION_FORMAT = dwarf;
				ENABLE_STRICT_OBJC_MSGSEND = YES;
				ENABLE_TESTABILITY = YES;
				GCC_C_LANGUAGE_STANDARD = gnu11;
				GCC_DYNAMIC_NO_PIC = NO;
				GCC_NO_COMMON_BLOCKS = YES;
				GCC_OPTIMIZATION_LEVEL = 0;
				GCC_PREPROCESSOR_DEFINITIONS = (
					"DEBUG=1",
					"$(inherited)",
				);
				GCC_WARN_64_TO_32_BIT_CONVERSION = YES;
				GCC_WARN_ABOUT_RETURN_TYPE = YES_ERROR;
				GCC_WARN_UNDECLARED_SELECTOR = YES;
				GCC_WARN_UNINITIALIZED_AUTOS = YES_AGGRESSIVE;
				GCC_WARN_UNUSED_FUNCTION = YES;
				GCC_WARN_UNUSED_VARIABLE = YES;
				IPHONEOS_DEPLOYMENT_TARGET = 14.4;
				MTL_ENABLE_DEBUG_INFO = INCLUDE_SOURCE;
				MTL_FAST_MATH = YES;
				ONLY_ACTIVE_ARCH = YES;
				SDKROOT = iphoneos;
				SWIFT_ACTIVE_COMPILATION_CONDITIONS = DEBUG;
				SWIFT_OPTIMIZATION_LEVEL = "-Onone";
			};
			name = Debug;
		};
		4FAB952425C7D4A400148446 /* Release */ = {
			isa = XCBuildConfiguration;
			buildSettings = {
				ALWAYS_SEARCH_USER_PATHS = NO;
				CLANG_ANALYZER_NONNULL = YES;
				CLANG_ANALYZER_NUMBER_OBJECT_CONVERSION = YES_AGGRESSIVE;
				CLANG_CXX_LANGUAGE_STANDARD = "gnu++14";
				CLANG_CXX_LIBRARY = "libc++";
				CLANG_ENABLE_MODULES = YES;
				CLANG_ENABLE_OBJC_ARC = YES;
				CLANG_ENABLE_OBJC_WEAK = YES;
				CLANG_WARN_BLOCK_CAPTURE_AUTORELEASING = YES;
				CLANG_WARN_BOOL_CONVERSION = YES;
				CLANG_WARN_COMMA = YES;
				CLANG_WARN_CONSTANT_CONVERSION = YES;
				CLANG_WARN_DEPRECATED_OBJC_IMPLEMENTATIONS = YES;
				CLANG_WARN_DIRECT_OBJC_ISA_USAGE = YES_ERROR;
				CLANG_WARN_DOCUMENTATION_COMMENTS = YES;
				CLANG_WARN_EMPTY_BODY = YES;
				CLANG_WARN_ENUM_CONVERSION = YES;
				CLANG_WARN_INFINITE_RECURSION = YES;
				CLANG_WARN_INT_CONVERSION = YES;
				CLANG_WARN_NON_LITERAL_NULL_CONVERSION = YES;
				CLANG_WARN_OBJC_IMPLICIT_RETAIN_SELF = YES;
				CLANG_WARN_OBJC_LITERAL_CONVERSION = YES;
				CLANG_WARN_OBJC_ROOT_CLASS = YES_ERROR;
				CLANG_WARN_QUOTED_INCLUDE_IN_FRAMEWORK_HEADER = YES;
				CLANG_WARN_RANGE_LOOP_ANALYSIS = YES;
				CLANG_WARN_STRICT_PROTOTYPES = YES;
				CLANG_WARN_SUSPICIOUS_MOVE = YES;
				CLANG_WARN_UNGUARDED_AVAILABILITY = YES_AGGRESSIVE;
				CLANG_WARN_UNREACHABLE_CODE = YES;
				CLANG_WARN__DUPLICATE_METHOD_MATCH = YES;
				COPY_PHASE_STRIP = NO;
				DEBUG_INFORMATION_FORMAT = "dwarf-with-dsym";
				ENABLE_NS_ASSERTIONS = NO;
				ENABLE_STRICT_OBJC_MSGSEND = YES;
				GCC_C_LANGUAGE_STANDARD = gnu11;
				GCC_NO_COMMON_BLOCKS = YES;
				GCC_WARN_64_TO_32_BIT_CONVERSION = YES;
				GCC_WARN_ABOUT_RETURN_TYPE = YES_ERROR;
				GCC_WARN_UNDECLARED_SELECTOR = YES;
				GCC_WARN_UNINITIALIZED_AUTOS = YES_AGGRESSIVE;
				GCC_WARN_UNUSED_FUNCTION = YES;
				GCC_WARN_UNUSED_VARIABLE = YES;
				IPHONEOS_DEPLOYMENT_TARGET = 14.4;
				MTL_ENABLE_DEBUG_INFO = NO;
				MTL_FAST_MATH = YES;
				SDKROOT = iphoneos;
				SWIFT_COMPILATION_MODE = wholemodule;
				SWIFT_OPTIMIZATION_LEVEL = "-O";
				VALIDATE_PRODUCT = YES;
			};
			name = Release;
		};
		4FAB952625C7D4A400148446 /* Debug */ = {
			isa = XCBuildConfiguration;
			baseConfigurationReference = 8FFFD94B7A3694862AE0A199 /* Pods-WhereYa.debug.xcconfig */;
			buildSettings = {
				ASSETCATALOG_COMPILER_APPICON_NAME = AppIcon;
				ASSETCATALOG_COMPILER_GLOBAL_ACCENT_COLOR_NAME = AccentColor;
				CLANG_ENABLE_MODULES = YES;
				CLANG_ENABLE_OBJC_ARC = NO;
				CODE_SIGN_STYLE = Automatic;
				DEVELOPMENT_TEAM = "";
				FRAMEWORK_SEARCH_PATHS = (
					"$(inherited)",
					"$(PROJECT_DIR)/WhereYa/DaumMap.embeddedframework",
				);
				INFOPLIST_FILE = WhereYa/info.plist;
				LD_RUNPATH_SEARCH_PATHS = (
					"$(inherited)",
					"@executable_path/Frameworks",
				);
				PRODUCT_BUNDLE_IDENTIFIER = algorithm.GOGO;
				PRODUCT_NAME = "$(TARGET_NAME)";
				SWIFT_OBJC_BRIDGING_HEADER = "/Users/hongjinseok/Desktop/WhereYa_iOS/WhereYa-Bridging-Header.h";
				SWIFT_OPTIMIZATION_LEVEL = "-Onone";
				SWIFT_VERSION = 5.0;
				TARGETED_DEVICE_FAMILY = "1,2";
			};
			name = Debug;
		};
		4FAB952725C7D4A400148446 /* Release */ = {
			isa = XCBuildConfiguration;
			baseConfigurationReference = 906A0BCDEF2B3B391B528F96 /* Pods-WhereYa.release.xcconfig */;
			buildSettings = {
				ASSETCATALOG_COMPILER_APPICON_NAME = AppIcon;
				ASSETCATALOG_COMPILER_GLOBAL_ACCENT_COLOR_NAME = AccentColor;
				CLANG_ENABLE_MODULES = YES;
				CLANG_ENABLE_OBJC_ARC = NO;
				CODE_SIGN_STYLE = Automatic;
				DEVELOPMENT_TEAM = "";
				FRAMEWORK_SEARCH_PATHS = (
					"$(inherited)",
					"$(PROJECT_DIR)/WhereYa/DaumMap.embeddedframework",
				);
				INFOPLIST_FILE = WhereYa/info.plist;
				LD_RUNPATH_SEARCH_PATHS = (
					"$(inherited)",
					"@executable_path/Frameworks",
				);
				PRODUCT_BUNDLE_IDENTIFIER = algorithm.GOGO;
				PRODUCT_NAME = "$(TARGET_NAME)";
				SWIFT_OBJC_BRIDGING_HEADER = "/Users/hongjinseok/Desktop/WhereYa_iOS/WhereYa-Bridging-Header.h";
				SWIFT_VERSION = 5.0;
				TARGETED_DEVICE_FAMILY = "1,2";
			};
			name = Release;
		};
/* End XCBuildConfiguration section */

/* Begin XCConfigurationList section */
		4FAB950C25C7D4A000148446 /* Build configuration list for PBXProject "WhereYa" */ = {
			isa = XCConfigurationList;
			buildConfigurations = (
				4FAB952325C7D4A400148446 /* Debug */,
				4FAB952425C7D4A400148446 /* Release */,
			);
			defaultConfigurationIsVisible = 0;
			defaultConfigurationName = Release;
		};
		4FAB952525C7D4A400148446 /* Build configuration list for PBXNativeTarget "WhereYa" */ = {
			isa = XCConfigurationList;
			buildConfigurations = (
				4FAB952625C7D4A400148446 /* Debug */,
				4FAB952725C7D4A400148446 /* Release */,
			);
			defaultConfigurationIsVisible = 0;
			defaultConfigurationName = Release;
		};
/* End XCConfigurationList section */
	};
	rootObject = 4FAB950925C7D4A000148446 /* Project object */;
}
